# This file is automatically @generated by Wally.
# It is not intended for manual editing.
registry = "test"

[[package]]
name = "csqrl/sift"
version = "0.0.9"
dependencies = []

[[package]]
name = "lm-loleris/profilestore"
version = "1.0.2"
dependencies = []

[[package]]
name = "oscar/example-data-solution"
version = "0.1.0"
dependencies = [["Sift", "csqrl/sift@0.0.9"], ["T", "osyrisrblx/t@3.1.1"], ["ProfileStore", "lm-loleris/profilestore@1.0.2"]]

[[package]]
name = "osyrisrblx/t"
version = "3.1.1"
dependencies = []
